// !$*UTF8*$!
{
	archiveVersion = 1;
	classes = {
	};
	objectVersion = 50;
	objects = {

/* Begin PBXBuildFile section */
		DF0FF564233F1FEC00039ED9 /* Int+Extensions.swift in Sources */ = {isa = PBXBuildFile; fileRef = DF0FF563233F1FEC00039ED9 /* Int+Extensions.swift */; };
		DF14D55F2339C14000A90647 /* AppDelegate.swift in Sources */ = {isa = PBXBuildFile; fileRef = DF14D55E2339C14000A90647 /* AppDelegate.swift */; };
		DF14D5642339C14000A90647 /* Main.storyboard in Resources */ = {isa = PBXBuildFile; fileRef = DF14D5622339C14000A90647 /* Main.storyboard */; };
		DF14D5662339C14000A90647 /* Assets.xcassets in Resources */ = {isa = PBXBuildFile; fileRef = DF14D5652339C14000A90647 /* Assets.xcassets */; };
		DF14D5692339C14000A90647 /* LaunchScreen.storyboard in Resources */ = {isa = PBXBuildFile; fileRef = DF14D5672339C14000A90647 /* LaunchScreen.storyboard */; };
		DFF1CF35233B1CCA00E4028F /* PAAudioObject.swift in Sources */ = {isa = PBXBuildFile; fileRef = DFF1CF34233B1CCA00E4028F /* PAAudioObject.swift */; };
		DFF5B93A233B0F7A00B618D9 /* waterfall2.mp3 in Resources */ = {isa = PBXBuildFile; fileRef = DFF5B92D233B0F7900B618D9 /* waterfall2.mp3 */; };
		DFF5B93B233B0F7A00B618D9 /* rain.mp3 in Resources */ = {isa = PBXBuildFile; fileRef = DFF5B92E233B0F7900B618D9 /* rain.mp3 */; };
		DFF5B93C233B0F7A00B618D9 /* fire.mp3 in Resources */ = {isa = PBXBuildFile; fileRef = DFF5B92F233B0F7900B618D9 /* fire.mp3 */; };
		DFF5B93D233B0F7A00B618D9 /* windchimes.mp3 in Resources */ = {isa = PBXBuildFile; fileRef = DFF5B930233B0F7900B618D9 /* windchimes.mp3 */; };
		DFF5B93E233B0F7A00B618D9 /* snowstorm.mp3 in Resources */ = {isa = PBXBuildFile; fileRef = DFF5B931233B0F7900B618D9 /* snowstorm.mp3 */; };
		DFF5B93F233B0F7A00B618D9 /* waterdrops.mp3 in Resources */ = {isa = PBXBuildFile; fileRef = DFF5B932233B0F7900B618D9 /* waterdrops.mp3 */; };
		DFF5B940233B0F7A00B618D9 /* rainroof.mp3 in Resources */ = {isa = PBXBuildFile; fileRef = DFF5B933233B0F7A00B618D9 /* rainroof.mp3 */; };
		DFF5B941233B0F7A00B618D9 /* rainheavy.mp3 in Resources */ = {isa = PBXBuildFile; fileRef = DFF5B934233B0F7A00B618D9 /* rainheavy.mp3 */; };
		DFF5B942233B0F7A00B618D9 /* waterfall.mp3 in Resources */ = {isa = PBXBuildFile; fileRef = DFF5B935233B0F7A00B618D9 /* waterfall.mp3 */; };
		DFF5B943233B0F7A00B618D9 /* fountain.mp3 in Resources */ = {isa = PBXBuildFile; fileRef = DFF5B936233B0F7A00B618D9 /* fountain.mp3 */; };
		DFF5B944233B0F7A00B618D9 /* thunder.mp3 in Resources */ = {isa = PBXBuildFile; fileRef = DFF5B937233B0F7A00B618D9 /* thunder.mp3 */; };
		DFF5B945233B0F7A00B618D9 /* forest.mp3 in Resources */ = {isa = PBXBuildFile; fileRef = DFF5B938233B0F7A00B618D9 /* forest.mp3 */; };
		DFF5B946233B0F7A00B618D9 /* windinleaves.mp3 in Resources */ = {isa = PBXBuildFile; fileRef = DFF5B939233B0F7A00B618D9 /* windinleaves.mp3 */; };
		DFF5B949233B0F8200B618D9 /* creek.mp3 in Resources */ = {isa = PBXBuildFile; fileRef = DFF5B947233B0F8200B618D9 /* creek.mp3 */; };
		DFF5B94A233B0F8200B618D9 /* beach.mp3 in Resources */ = {isa = PBXBuildFile; fileRef = DFF5B948233B0F8200B618D9 /* beach.mp3 */; };
		DFF5B94D233B109200B618D9 /* PAAudioViewController.swift in Sources */ = {isa = PBXBuildFile; fileRef = DFF5B94C233B109200B618D9 /* PAAudioViewController.swift */; };
		DFF5B94F233B12F400B618D9 /* PASettingsViewController.swift in Sources */ = {isa = PBXBuildFile; fileRef = DFF5B94E233B12F400B618D9 /* PASettingsViewController.swift */; };
		DFF5B952233B138800B618D9 /* PAAudioCollectionViewCell.swift in Sources */ = {isa = PBXBuildFile; fileRef = DFF5B950233B138800B618D9 /* PAAudioCollectionViewCell.swift */; };
		DFF5B953233B138800B618D9 /* PAAudioCollectionViewCell.xib in Resources */ = {isa = PBXBuildFile; fileRef = DFF5B951233B138800B618D9 /* PAAudioCollectionViewCell.xib */; };
		DFFE8BEA233DB816000C3678 /* PASleepTimerButton.swift in Sources */ = {isa = PBXBuildFile; fileRef = DFFE8BE9233DB816000C3678 /* PASleepTimerButton.swift */; };
		DFFE8BEC233DBC05000C3678 /* PAGeneralAppManager.swift in Sources */ = {isa = PBXBuildFile; fileRef = DFFE8BEB233DBC05000C3678 /* PAGeneralAppManager.swift */; };
/* End PBXBuildFile section */

/* Begin PBXFileReference section */
		DF0FF563233F1FEC00039ED9 /* Int+Extensions.swift */ = {isa = PBXFileReference; lastKnownFileType = sourcecode.swift; path = "Int+Extensions.swift"; sourceTree = "<group>"; };
		DF14D55B2339C14000A90647 /* PrimalAudioSwift.app */ = {isa = PBXFileReference; explicitFileType = wrapper.application; includeInIndex = 0; path = PrimalAudioSwift.app; sourceTree = BUILT_PRODUCTS_DIR; };
		DF14D55E2339C14000A90647 /* AppDelegate.swift */ = {isa = PBXFileReference; lastKnownFileType = sourcecode.swift; path = AppDelegate.swift; sourceTree = "<group>"; };
		DF14D5632339C14000A90647 /* Base */ = {isa = PBXFileReference; lastKnownFileType = file.storyboard; name = Base; path = Base.lproj/Main.storyboard; sourceTree = "<group>"; };
		DF14D5652339C14000A90647 /* Assets.xcassets */ = {isa = PBXFileReference; lastKnownFileType = folder.assetcatalog; path = Assets.xcassets; sourceTree = "<group>"; };
		DF14D5682339C14000A90647 /* Base */ = {isa = PBXFileReference; lastKnownFileType = file.storyboard; name = Base; path = Base.lproj/LaunchScreen.storyboard; sourceTree = "<group>"; };
		DF14D56A2339C14000A90647 /* Info.plist */ = {isa = PBXFileReference; lastKnownFileType = text.plist.xml; path = Info.plist; sourceTree = "<group>"; };
		DFF1CF34233B1CCA00E4028F /* PAAudioObject.swift */ = {isa = PBXFileReference; lastKnownFileType = sourcecode.swift; path = PAAudioObject.swift; sourceTree = "<group>"; };
		DFF5B92D233B0F7900B618D9 /* waterfall2.mp3 */ = {isa = PBXFileReference; lastKnownFileType = audio.mp3; path = waterfall2.mp3; sourceTree = "<group>"; };
		DFF5B92E233B0F7900B618D9 /* rain.mp3 */ = {isa = PBXFileReference; lastKnownFileType = audio.mp3; path = rain.mp3; sourceTree = "<group>"; };
		DFF5B92F233B0F7900B618D9 /* fire.mp3 */ = {isa = PBXFileReference; lastKnownFileType = audio.mp3; path = fire.mp3; sourceTree = "<group>"; };
		DFF5B930233B0F7900B618D9 /* windchimes.mp3 */ = {isa = PBXFileReference; lastKnownFileType = audio.mp3; path = windchimes.mp3; sourceTree = "<group>"; };
		DFF5B931233B0F7900B618D9 /* snowstorm.mp3 */ = {isa = PBXFileReference; lastKnownFileType = audio.mp3; path = snowstorm.mp3; sourceTree = "<group>"; };
		DFF5B932233B0F7900B618D9 /* waterdrops.mp3 */ = {isa = PBXFileReference; lastKnownFileType = audio.mp3; path = waterdrops.mp3; sourceTree = "<group>"; };
		DFF5B933233B0F7A00B618D9 /* rainroof.mp3 */ = {isa = PBXFileReference; lastKnownFileType = audio.mp3; path = rainroof.mp3; sourceTree = "<group>"; };
		DFF5B934233B0F7A00B618D9 /* rainheavy.mp3 */ = {isa = PBXFileReference; lastKnownFileType = audio.mp3; path = rainheavy.mp3; sourceTree = "<group>"; };
		DFF5B935233B0F7A00B618D9 /* waterfall.mp3 */ = {isa = PBXFileReference; lastKnownFileType = audio.mp3; path = waterfall.mp3; sourceTree = "<group>"; };
		DFF5B936233B0F7A00B618D9 /* fountain.mp3 */ = {isa = PBXFileReference; lastKnownFileType = audio.mp3; path = fountain.mp3; sourceTree = "<group>"; };
		DFF5B937233B0F7A00B618D9 /* thunder.mp3 */ = {isa = PBXFileReference; lastKnownFileType = audio.mp3; path = thunder.mp3; sourceTree = "<group>"; };
		DFF5B938233B0F7A00B618D9 /* forest.mp3 */ = {isa = PBXFileReference; lastKnownFileType = audio.mp3; path = forest.mp3; sourceTree = "<group>"; };
		DFF5B939233B0F7A00B618D9 /* windinleaves.mp3 */ = {isa = PBXFileReference; lastKnownFileType = audio.mp3; path = windinleaves.mp3; sourceTree = "<group>"; };
		DFF5B947233B0F8200B618D9 /* creek.mp3 */ = {isa = PBXFileReference; lastKnownFileType = audio.mp3; path = creek.mp3; sourceTree = "<group>"; };
		DFF5B948233B0F8200B618D9 /* beach.mp3 */ = {isa = PBXFileReference; lastKnownFileType = audio.mp3; path = beach.mp3; sourceTree = "<group>"; };
		DFF5B94C233B109200B618D9 /* PAAudioViewController.swift */ = {isa = PBXFileReference; lastKnownFileType = sourcecode.swift; path = PAAudioViewController.swift; sourceTree = "<group>"; };
		DFF5B94E233B12F400B618D9 /* PASettingsViewController.swift */ = {isa = PBXFileReference; lastKnownFileType = sourcecode.swift; path = PASettingsViewController.swift; sourceTree = "<group>"; };
		DFF5B950233B138800B618D9 /* PAAudioCollectionViewCell.swift */ = {isa = PBXFileReference; lastKnownFileType = sourcecode.swift; path = PAAudioCollectionViewCell.swift; sourceTree = "<group>"; };
		DFF5B951233B138800B618D9 /* PAAudioCollectionViewCell.xib */ = {isa = PBXFileReference; lastKnownFileType = file.xib; path = PAAudioCollectionViewCell.xib; sourceTree = "<group>"; };
		DFFE8BE9233DB816000C3678 /* PASleepTimerButton.swift */ = {isa = PBXFileReference; lastKnownFileType = sourcecode.swift; path = PASleepTimerButton.swift; sourceTree = "<group>"; };
		DFFE8BEB233DBC05000C3678 /* PAGeneralAppManager.swift */ = {isa = PBXFileReference; lastKnownFileType = sourcecode.swift; path = PAGeneralAppManager.swift; sourceTree = "<group>"; };
/* End PBXFileReference section */

/* Begin PBXFrameworksBuildPhase section */
		DF14D5582339C14000A90647 /* Frameworks */ = {
			isa = PBXFrameworksBuildPhase;
			buildActionMask = 2147483647;
			files = (
			);
			runOnlyForDeploymentPostprocessing = 0;
		};
/* End PBXFrameworksBuildPhase section */

/* Begin PBXGroup section */
		DF14D5522339C14000A90647 = {
			isa = PBXGroup;
			children = (
				DF14D55D2339C14000A90647 /* PrimalAudioSwift */,
				DF14D55C2339C14000A90647 /* Products */,
			);
			sourceTree = "<group>";
		};
		DF14D55C2339C14000A90647 /* Products */ = {
			isa = PBXGroup;
			children = (
				DF14D55B2339C14000A90647 /* PrimalAudioSwift.app */,
			);
			name = Products;
			sourceTree = "<group>";
		};
		DF14D55D2339C14000A90647 /* PrimalAudioSwift */ = {
			isa = PBXGroup;
			children = (
				DFF5B929233B0E8300B618D9 /* Resources */,
				DFF5B928233B0E7C00B618D9 /* Extensions */,
				DFF1CF33233B1C9A00E4028F /* Model */,
				DFF5B927233B0E7600B618D9 /* Subclasses */,
				DFF5B926233B0E7100B618D9 /* Managers */,
				DFF5B94B233B0FF200B618D9 /* Cells */,
				DFF5B924233B0E6500B618D9 /* Controllers */,
				DFF5B925233B0E6A00B618D9 /* Storyboard */,
				DFF5B923233B0E5C00B618D9 /* Supporting Files */,
			);
			path = PrimalAudioSwift;
			sourceTree = "<group>";
		};
		DFF1CF33233B1C9A00E4028F /* Model */ = {
			isa = PBXGroup;
			children = (
				DFF1CF34233B1CCA00E4028F /* PAAudioObject.swift */,
			);
			path = Model;
			sourceTree = "<group>";
		};
		DFF5B923233B0E5C00B618D9 /* Supporting Files */ = {
			isa = PBXGroup;
			children = (
				DF14D55E2339C14000A90647 /* AppDelegate.swift */,
				DF14D56A2339C14000A90647 /* Info.plist */,
			);
			path = "Supporting Files";
			sourceTree = "<group>";
		};
		DFF5B924233B0E6500B618D9 /* Controllers */ = {
			isa = PBXGroup;
			children = (
				DFF5B94C233B109200B618D9 /* PAAudioViewController.swift */,
				DFF5B94E233B12F400B618D9 /* PASettingsViewController.swift */,
			);
			path = Controllers;
			sourceTree = "<group>";
		};
		DFF5B925233B0E6A00B618D9 /* Storyboard */ = {
			isa = PBXGroup;
			children = (
				DF14D5622339C14000A90647 /* Main.storyboard */,
				DF14D5672339C14000A90647 /* LaunchScreen.storyboard */,
			);
			path = Storyboard;
			sourceTree = "<group>";
		};
		DFF5B926233B0E7100B618D9 /* Managers */ = {
			isa = PBXGroup;
			children = (
				DFFE8BEB233DBC05000C3678 /* PAGeneralAppManager.swift */,
			);
			path = Managers;
			sourceTree = "<group>";
		};
		DFF5B927233B0E7600B618D9 /* Subclasses */ = {
			isa = PBXGroup;
			children = (
				DFFE8BE9233DB816000C3678 /* PASleepTimerButton.swift */,
			);
			path = Subclasses;
			sourceTree = "<group>";
		};
		DFF5B928233B0E7C00B618D9 /* Extensions */ = {
			isa = PBXGroup;
			children = (
				DF0FF563233F1FEC00039ED9 /* Int+Extensions.swift */,
			);
			path = Extensions;
			sourceTree = "<group>";
		};
		DFF5B929233B0E8300B618D9 /* Resources */ = {
			isa = PBXGroup;
			children = (
				DFF5B92C233B0F6600B618D9 /* Audio */,
				DF14D5652339C14000A90647 /* Assets.xcassets */,
			);
			path = Resources;
			sourceTree = "<group>";
		};
		DFF5B92C233B0F6600B618D9 /* Audio */ = {
			isa = PBXGroup;
			children = (
				DFF5B92F233B0F7900B618D9 /* fire.mp3 */,
				DFF5B938233B0F7A00B618D9 /* forest.mp3 */,
				DFF5B936233B0F7A00B618D9 /* fountain.mp3 */,
				DFF5B948233B0F8200B618D9 /* beach.mp3 */,
				DFF5B947233B0F8200B618D9 /* creek.mp3 */,
				DFF5B92E233B0F7900B618D9 /* rain.mp3 */,
				DFF5B934233B0F7A00B618D9 /* rainheavy.mp3 */,
				DFF5B933233B0F7A00B618D9 /* rainroof.mp3 */,
				DFF5B931233B0F7900B618D9 /* snowstorm.mp3 */,
				DFF5B937233B0F7A00B618D9 /* thunder.mp3 */,
				DFF5B932233B0F7900B618D9 /* waterdrops.mp3 */,
				DFF5B935233B0F7A00B618D9 /* waterfall.mp3 */,
				DFF5B92D233B0F7900B618D9 /* waterfall2.mp3 */,
				DFF5B930233B0F7900B618D9 /* windchimes.mp3 */,
				DFF5B939233B0F7A00B618D9 /* windinleaves.mp3 */,
			);
			path = Audio;
			sourceTree = "<group>";
		};
		DFF5B94B233B0FF200B618D9 /* Cells */ = {
			isa = PBXGroup;
			children = (
				DFF5B950233B138800B618D9 /* PAAudioCollectionViewCell.swift */,
				DFF5B951233B138800B618D9 /* PAAudioCollectionViewCell.xib */,
			);
			path = Cells;
			sourceTree = "<group>";
		};
/* End PBXGroup section */

/* Begin PBXNativeTarget section */
		DF14D55A2339C14000A90647 /* PrimalAudioSwift */ = {
			isa = PBXNativeTarget;
			buildConfigurationList = DF14D56D2339C14000A90647 /* Build configuration list for PBXNativeTarget "PrimalAudioSwift" */;
			buildPhases = (
				DF14D5572339C14000A90647 /* Sources */,
				DF14D5582339C14000A90647 /* Frameworks */,
				DF14D5592339C14000A90647 /* Resources */,
			);
			buildRules = (
			);
			dependencies = (
			);
			name = PrimalAudioSwift;
			productName = PrimalAudioSwift;
			productReference = DF14D55B2339C14000A90647 /* PrimalAudioSwift.app */;
			productType = "com.apple.product-type.application";
		};
/* End PBXNativeTarget section */

/* Begin PBXProject section */
		DF14D5532339C14000A90647 /* Project object */ = {
			isa = PBXProject;
			attributes = {
				LastSwiftUpdateCheck = 1030;
				LastUpgradeCheck = 1030;
				ORGANIZATIONNAME = "Daniel Yessayian";
				TargetAttributes = {
					DF14D55A2339C14000A90647 = {
						CreatedOnToolsVersion = 10.3;
					};
				};
			};
			buildConfigurationList = DF14D5562339C14000A90647 /* Build configuration list for PBXProject "PrimalAudioSwift" */;
			compatibilityVersion = "Xcode 9.3";
			developmentRegion = en;
			hasScannedForEncodings = 0;
			knownRegions = (
				en,
				Base,
			);
			mainGroup = DF14D5522339C14000A90647;
			productRefGroup = DF14D55C2339C14000A90647 /* Products */;
			projectDirPath = "";
			projectRoot = "";
			targets = (
				DF14D55A2339C14000A90647 /* PrimalAudioSwift */,
			);
		};
/* End PBXProject section */

/* Begin PBXResourcesBuildPhase section */
		DF14D5592339C14000A90647 /* Resources */ = {
			isa = PBXResourcesBuildPhase;
			buildActionMask = 2147483647;
			files = (
				DFF5B94A233B0F8200B618D9 /* beach.mp3 in Resources */,
				DFF5B943233B0F7A00B618D9 /* fountain.mp3 in Resources */,
				DFF5B944233B0F7A00B618D9 /* thunder.mp3 in Resources */,
				DFF5B93D233B0F7A00B618D9 /* windchimes.mp3 in Resources */,
				DFF5B93A233B0F7A00B618D9 /* waterfall2.mp3 in Resources */,
				DFF5B941233B0F7A00B618D9 /* rainheavy.mp3 in Resources */,
				DFF5B949233B0F8200B618D9 /* creek.mp3 in Resources */,
				DFF5B940233B0F7A00B618D9 /* rainroof.mp3 in Resources */,
				DFF5B93B233B0F7A00B618D9 /* rain.mp3 in Resources */,
				DFF5B953233B138800B618D9 /* PAAudioCollectionViewCell.xib in Resources */,
				DFF5B946233B0F7A00B618D9 /* windinleaves.mp3 in Resources */,
				DFF5B942233B0F7A00B618D9 /* waterfall.mp3 in Resources */,
				DFF5B93C233B0F7A00B618D9 /* fire.mp3 in Resources */,
				DFF5B93F233B0F7A00B618D9 /* waterdrops.mp3 in Resources */,
				DF14D5692339C14000A90647 /* LaunchScreen.storyboard in Resources */,
				DF14D5662339C14000A90647 /* Assets.xcassets in Resources */,
				DF14D5642339C14000A90647 /* Main.storyboard in Resources */,
				DFF5B945233B0F7A00B618D9 /* forest.mp3 in Resources */,
				DFF5B93E233B0F7A00B618D9 /* snowstorm.mp3 in Resources */,
			);
			runOnlyForDeploymentPostprocessing = 0;
		};
/* End PBXResourcesBuildPhase section */

/* Begin PBXSourcesBuildPhase section */
		DF14D5572339C14000A90647 /* Sources */ = {
			isa = PBXSourcesBuildPhase;
			buildActionMask = 2147483647;
			files = (
				DFF5B952233B138800B618D9 /* PAAudioCollectionViewCell.swift in Sources */,
				DFF5B94D233B109200B618D9 /* PAAudioViewController.swift in Sources */,
				DFFE8BEA233DB816000C3678 /* PASleepTimerButton.swift in Sources */,
				DFF1CF35233B1CCA00E4028F /* PAAudioObject.swift in Sources */,
				DF14D55F2339C14000A90647 /* AppDelegate.swift in Sources */,
				DF0FF564233F1FEC00039ED9 /* Int+Extensions.swift in Sources */,
				DFF5B94F233B12F400B618D9 /* PASettingsViewController.swift in Sources */,
				DFFE8BEC233DBC05000C3678 /* PAGeneralAppManager.swift in Sources */,
			);
			runOnlyForDeploymentPostprocessing = 0;
		};
/* End PBXSourcesBuildPhase section */

/* Begin PBXVariantGroup section */
		DF14D5622339C14000A90647 /* Main.storyboard */ = {
			isa = PBXVariantGroup;
			children = (
				DF14D5632339C14000A90647 /* Base */,
			);
			name = Main.storyboard;
			sourceTree = "<group>";
		};
		DF14D5672339C14000A90647 /* LaunchScreen.storyboard */ = {
			isa = PBXVariantGroup;
			children = (
				DF14D5682339C14000A90647 /* Base */,
			);
			name = LaunchScreen.storyboard;
			sourceTree = "<group>";
		};
/* End PBXVariantGroup section */

/* Begin XCBuildConfiguration section */
		DF14D56B2339C14000A90647 /* Debug */ = {
			isa = XCBuildConfiguration;
			buildSettings = {
				ALWAYS_SEARCH_USER_PATHS = NO;
				CLANG_ANALYZER_NONNULL = YES;
				CLANG_ANALYZER_NUMBER_OBJECT_CONVERSION = YES_AGGRESSIVE;
				CLANG_CXX_LANGUAGE_STANDARD = "gnu++14";
				CLANG_CXX_LIBRARY = "libc++";
				CLANG_ENABLE_MODULES = YES;
				CLANG_ENABLE_OBJC_ARC = YES;
				CLANG_ENABLE_OBJC_WEAK = YES;
				CLANG_WARN_BLOCK_CAPTURE_AUTORELEASING = YES;
				CLANG_WARN_BOOL_CONVERSION = YES;
				CLANG_WARN_COMMA = YES;
				CLANG_WARN_CONSTANT_CONVERSION = YES;
				CLANG_WARN_DEPRECATED_OBJC_IMPLEMENTATIONS = YES;
				CLANG_WARN_DIRECT_OBJC_ISA_USAGE = YES_ERROR;
				CLANG_WARN_DOCUMENTATION_COMMENTS = YES;
				CLANG_WARN_EMPTY_BODY = YES;
				CLANG_WARN_ENUM_CONVERSION = YES;
				CLANG_WARN_INFINITE_RECURSION = YES;
				CLANG_WARN_INT_CONVERSION = YES;
				CLANG_WARN_NON_LITERAL_NULL_CONVERSION = YES;
				CLANG_WARN_OBJC_IMPLICIT_RETAIN_SELF = YES;
				CLANG_WARN_OBJC_LITERAL_CONVERSION = YES;
				CLANG_WARN_OBJC_ROOT_CLASS = YES_ERROR;
				CLANG_WARN_RANGE_LOOP_ANALYSIS = YES;
				CLANG_WARN_STRICT_PROTOTYPES = YES;
				CLANG_WARN_SUSPICIOUS_MOVE = YES;
				CLANG_WARN_UNGUARDED_AVAILABILITY = YES_AGGRESSIVE;
				CLANG_WARN_UNREACHABLE_CODE = YES;
				CLANG_WARN__DUPLICATE_METHOD_MATCH = YES;
				CODE_SIGN_IDENTITY = "iPhone Developer";
				COPY_PHASE_STRIP = NO;
				DEBUG_INFORMATION_FORMAT = dwarf;
				ENABLE_STRICT_OBJC_MSGSEND = YES;
				ENABLE_TESTABILITY = YES;
				GCC_C_LANGUAGE_STANDARD = gnu11;
				GCC_DYNAMIC_NO_PIC = NO;
				GCC_NO_COMMON_BLOCKS = YES;
				GCC_OPTIMIZATION_LEVEL = 0;
				GCC_PREPROCESSOR_DEFINITIONS = (
					"DEBUG=1",
					"$(inherited)",
				);
				GCC_WARN_64_TO_32_BIT_CONVERSION = YES;
				GCC_WARN_ABOUT_RETURN_TYPE = YES_ERROR;
				GCC_WARN_UNDECLARED_SELECTOR = YES;
				GCC_WARN_UNINITIALIZED_AUTOS = YES_AGGRESSIVE;
				GCC_WARN_UNUSED_FUNCTION = YES;
				GCC_WARN_UNUSED_VARIABLE = YES;
				IPHONEOS_DEPLOYMENT_TARGET = 12.4;
				MTL_ENABLE_DEBUG_INFO = INCLUDE_SOURCE;
				MTL_FAST_MATH = YES;
				ONLY_ACTIVE_ARCH = YES;
				SDKROOT = iphoneos;
				SWIFT_ACTIVE_COMPILATION_CONDITIONS = DEBUG;
				SWIFT_OPTIMIZATION_LEVEL = "-Onone";
			};
			name = Debug;
		};
		DF14D56C2339C14000A90647 /* Release */ = {
			isa = XCBuildConfiguration;
			buildSettings = {
				ALWAYS_SEARCH_USER_PATHS = NO;
				CLANG_ANALYZER_NONNULL = YES;
				CLANG_ANALYZER_NUMBER_OBJECT_CONVERSION = YES_AGGRESSIVE;
				CLANG_CXX_LANGUAGE_STANDARD = "gnu++14";
				CLANG_CXX_LIBRARY = "libc++";
				CLANG_ENABLE_MODULES = YES;
				CLANG_ENABLE_OBJC_ARC = YES;
				CLANG_ENABLE_OBJC_WEAK = YES;
				CLANG_WARN_BLOCK_CAPTURE_AUTORELEASING = YES;
				CLANG_WARN_BOOL_CONVERSION = YES;
				CLANG_WARN_COMMA = YES;
				CLANG_WARN_CONSTANT_CONVERSION = YES;
				CLANG_WARN_DEPRECATED_OBJC_IMPLEMENTATIONS = YES;
				CLANG_WARN_DIRECT_OBJC_ISA_USAGE = YES_ERROR;
				CLANG_WARN_DOCUMENTATION_COMMENTS = YES;
				CLANG_WARN_EMPTY_BODY = YES;
				CLANG_WARN_ENUM_CONVERSION = YES;
				CLANG_WARN_INFINITE_RECURSION = YES;
				CLANG_WARN_INT_CONVERSION = YES;
				CLANG_WARN_NON_LITERAL_NULL_CONVERSION = YES;
				CLANG_WARN_OBJC_IMPLICIT_RETAIN_SELF = YES;
				CLANG_WARN_OBJC_LITERAL_CONVERSION = YES;
				CLANG_WARN_OBJC_ROOT_CLASS = YES_ERROR;
				CLANG_WARN_RANGE_LOOP_ANALYSIS = YES;
				CLANG_WARN_STRICT_PROTOTYPES = YES;
				CLANG_WARN_SUSPICIOUS_MOVE = YES;
				CLANG_WARN_UNGUARDED_AVAILABILITY = YES_AGGRESSIVE;
				CLANG_WARN_UNREACHABLE_CODE = YES;
				CLANG_WARN__DUPLICATE_METHOD_MATCH = YES;
				CODE_SIGN_IDENTITY = "iPhone Developer";
				COPY_PHASE_STRIP = NO;
				DEBUG_INFORMATION_FORMAT = "dwarf-with-dsym";
				ENABLE_NS_ASSERTIONS = NO;
				ENABLE_STRICT_OBJC_MSGSEND = YES;
				GCC_C_LANGUAGE_STANDARD = gnu11;
				GCC_NO_COMMON_BLOCKS = YES;
				GCC_WARN_64_TO_32_BIT_CONVERSION = YES;
				GCC_WARN_ABOUT_RETURN_TYPE = YES_ERROR;
				GCC_WARN_UNDECLARED_SELECTOR = YES;
				GCC_WARN_UNINITIALIZED_AUTOS = YES_AGGRESSIVE;
				GCC_WARN_UNUSED_FUNCTION = YES;
				GCC_WARN_UNUSED_VARIABLE = YES;
				IPHONEOS_DEPLOYMENT_TARGET = 12.4;
				MTL_ENABLE_DEBUG_INFO = NO;
				MTL_FAST_MATH = YES;
				SDKROOT = iphoneos;
				SWIFT_COMPILATION_MODE = wholemodule;
				SWIFT_OPTIMIZATION_LEVEL = "-O";
				VALIDATE_PRODUCT = YES;
			};
			name = Release;
		};
		DF14D56E2339C14000A90647 /* Debug */ = {
			isa = XCBuildConfiguration;
			buildSettings = {
				ASSETCATALOG_COMPILER_APPICON_NAME = AppIcon;
				CODE_SIGN_STYLE = Automatic;
				DEVELOPMENT_TEAM = TKMA3BV53N;
				INFOPLIST_FILE = "$(SRCROOT)/PrimalAudioSwift/Supporting Files/Info.plist";
				IPHONEOS_DEPLOYMENT_TARGET = 12.4;
				LD_RUNPATH_SEARCH_PATHS = (
					"$(inherited)",
					"@executable_path/Frameworks",
				);
				PRODUCT_BUNDLE_IDENTIFIER = com.dyessayian.PrimalAudioSwift;
				PRODUCT_NAME = "$(TARGET_NAME)";
				SWIFT_VERSION = 5.0;
				TARGETED_DEVICE_FAMILY = "1,2";
			};
			name = Debug;
		};
		DF14D56F2339C14000A90647 /* Release */ = {
			isa = XCBuildConfiguration;
			buildSettings = {
				ASSETCATALOG_COMPILER_APPICON_NAME = AppIcon;
				CODE_SIGN_STYLE = Automatic;
				DEVELOPMENT_TEAM = TKMA3BV53N;
				INFOPLIST_FILE = "$(SRCROOT)/PrimalAudioSwift/Supporting Files/Info.plist";
				IPHONEOS_DEPLOYMENT_TARGET = 12.4;
				LD_RUNPATH_SEARCH_PATHS = (
					"$(inherited)",
					"@executable_path/Frameworks",
				);
				PRODUCT_BUNDLE_IDENTIFIER = com.dyessayian.PrimalAudioSwift;
				PRODUCT_NAME = "$(TARGET_NAME)";
				SWIFT_VERSION = 5.0;
				TARGETED_DEVICE_FAMILY = "1,2";
			};
			name = Release;
		};
/* End XCBuildConfiguration section */

/* Begin XCConfigurationList section */
		DF14D5562339C14000A90647 /* Build configuration list for PBXProject "PrimalAudioSwift" */ = {
			isa = XCConfigurationList;
			buildConfigurations = (
				DF14D56B2339C14000A90647 /* Debug */,
				DF14D56C2339C14000A90647 /* Release */,
			);
			defaultConfigurationIsVisible = 0;
			defaultConfigurationName = Release;
		};
		DF14D56D2339C14000A90647 /* Build configuration list for PBXNativeTarget "PrimalAudioSwift" */ = {
			isa = XCConfigurationList;
			buildConfigurations = (
				DF14D56E2339C14000A90647 /* Debug */,
				DF14D56F2339C14000A90647 /* Release */,
			);
			defaultConfigurationIsVisible = 0;
			defaultConfigurationName = Release;
		};
/* End XCConfigurationList section */
	};
	rootObject = DF14D5532339C14000A90647 /* Project object */;
}
